// !$*UTF8*$!
{
	archiveVersion = 1;
	classes = {
	};
	objectVersion = 50;
	objects = {

/* Begin PBXBuildFile section */
		0F2A9AB226A0F27200A666F0 /* ErrorMessage.swift in Sources */ = {isa = PBXBuildFile; fileRef = 0F2A9AB126A0F27200A666F0 /* ErrorMessage.swift */; };
		0F2A9AB626A48AC800A666F0 /* FollowerCell.swift in Sources */ = {isa = PBXBuildFile; fileRef = 0F2A9AB526A48AC800A666F0 /* FollowerCell.swift */; };
		0F2A9AB926A48C3900A666F0 /* GFAvatarImageView.swift in Sources */ = {isa = PBXBuildFile; fileRef = 0F2A9AB826A48C3900A666F0 /* GFAvatarImageView.swift */; };
		0F2A9ABC26A8ACA900A666F0 /* UIHelper.swift in Sources */ = {isa = PBXBuildFile; fileRef = 0F2A9ABB26A8ACA900A666F0 /* UIHelper.swift */; };
		0F2A9AC026ACCF2400A666F0 /* GFEmptyStateView.swift in Sources */ = {isa = PBXBuildFile; fileRef = 0F2A9ABF26ACCF2400A666F0 /* GFEmptyStateView.swift */; };
		0F2A9AC426ADFA0100A666F0 /* UserInfoViewController.swift in Sources */ = {isa = PBXBuildFile; fileRef = 0F2A9AC326ADFA0100A666F0 /* UserInfoViewController.swift */; };
		0F2A9ACC26B08C3700A666F0 /* GFUserInfoViewController.swift in Sources */ = {isa = PBXBuildFile; fileRef = 0F2A9ACB26B08C3700A666F0 /* GFUserInfoViewController.swift */; };
		0F2A9AD026B0971000A666F0 /* GFSecondaryTitleLabel.swift in Sources */ = {isa = PBXBuildFile; fileRef = 0F2A9ACF26B0971000A666F0 /* GFSecondaryTitleLabel.swift */; };
		0F2A9AD426B6364C00A666F0 /* Constants.swift in Sources */ = {isa = PBXBuildFile; fileRef = 0F2A9AD326B6364C00A666F0 /* Constants.swift */; };
		0F2A9AD726B9E5C400A666F0 /* GFItemInfoView.swift in Sources */ = {isa = PBXBuildFile; fileRef = 0F2A9AD626B9E5C400A666F0 /* GFItemInfoView.swift */; };
		0F7383482699267900CA6D9E /* AppDelegate.swift in Sources */ = {isa = PBXBuildFile; fileRef = 0F7383472699267900CA6D9E /* AppDelegate.swift */; };
		0F73834A2699267900CA6D9E /* SceneDelegate.swift in Sources */ = {isa = PBXBuildFile; fileRef = 0F7383492699267900CA6D9E /* SceneDelegate.swift */; };
		0F7383512699267B00CA6D9E /* Assets.xcassets in Resources */ = {isa = PBXBuildFile; fileRef = 0F7383502699267B00CA6D9E /* Assets.xcassets */; };
		0F7383542699267B00CA6D9E /* LaunchScreen.storyboard in Resources */ = {isa = PBXBuildFile; fileRef = 0F7383522699267B00CA6D9E /* LaunchScreen.storyboard */; };
		0F738361269A30FE00CA6D9E /* SearchViewController.swift in Sources */ = {isa = PBXBuildFile; fileRef = 0F738360269A30FE00CA6D9E /* SearchViewController.swift */; };
		0F738364269A31E300CA6D9E /* FavoritesListViewController.swift in Sources */ = {isa = PBXBuildFile; fileRef = 0F738363269A31E300CA6D9E /* FavoritesListViewController.swift */; };
		0F738367269A581300CA6D9E /* GFButton.swift in Sources */ = {isa = PBXBuildFile; fileRef = 0F738366269A581300CA6D9E /* GFButton.swift */; };
		0F73836A269A5F5C00CA6D9E /* GFTextField.swift in Sources */ = {isa = PBXBuildFile; fileRef = 0F738369269A5F5C00CA6D9E /* GFTextField.swift */; };
		0F73836E269BB38C00CA6D9E /* FollowerListViewController.swift in Sources */ = {isa = PBXBuildFile; fileRef = 0F73836D269BB38C00CA6D9E /* FollowerListViewController.swift */; };
		0F738372269CB79200CA6D9E /* GFTitleLabel.swift in Sources */ = {isa = PBXBuildFile; fileRef = 0F738371269CB79200CA6D9E /* GFTitleLabel.swift */; };
		0F738375269CBE7100CA6D9E /* GFBodyLabel.swift in Sources */ = {isa = PBXBuildFile; fileRef = 0F738374269CBE7100CA6D9E /* GFBodyLabel.swift */; };
		0F738378269CBFB800CA6D9E /* GFAlertViewController.swift in Sources */ = {isa = PBXBuildFile; fileRef = 0F738377269CBFB800CA6D9E /* GFAlertViewController.swift */; };
		0F73837B269D27C200CA6D9E /* UIViewController+Ext.swift in Sources */ = {isa = PBXBuildFile; fileRef = 0F73837A269D27C200CA6D9E /* UIViewController+Ext.swift */; };
		0F73838A269E1E3F00CA6D9E /* Follower.swift in Sources */ = {isa = PBXBuildFile; fileRef = 0F738389269E1E3F00CA6D9E /* Follower.swift */; };
		0F73838E269E1F2A00CA6D9E /* User.swift in Sources */ = {isa = PBXBuildFile; fileRef = 0F73838D269E1F2A00CA6D9E /* User.swift */; };
		0F738393269F6C5E00CA6D9E /* NetworkManager.swift in Sources */ = {isa = PBXBuildFile; fileRef = 0F738392269F6C5E00CA6D9E /* NetworkManager.swift */; };
/* End PBXBuildFile section */

/* Begin PBXFileReference section */
		0F2A9AB126A0F27200A666F0 /* ErrorMessage.swift */ = {isa = PBXFileReference; lastKnownFileType = sourcecode.swift; path = ErrorMessage.swift; sourceTree = "<group>"; };
		0F2A9AB526A48AC800A666F0 /* FollowerCell.swift */ = {isa = PBXFileReference; lastKnownFileType = sourcecode.swift; path = FollowerCell.swift; sourceTree = "<group>"; };
		0F2A9AB826A48C3900A666F0 /* GFAvatarImageView.swift */ = {isa = PBXFileReference; lastKnownFileType = sourcecode.swift; path = GFAvatarImageView.swift; sourceTree = "<group>"; };
		0F2A9ABB26A8ACA900A666F0 /* UIHelper.swift */ = {isa = PBXFileReference; lastKnownFileType = sourcecode.swift; path = UIHelper.swift; sourceTree = "<group>"; };
		0F2A9ABF26ACCF2400A666F0 /* GFEmptyStateView.swift */ = {isa = PBXFileReference; lastKnownFileType = sourcecode.swift; path = GFEmptyStateView.swift; sourceTree = "<group>"; };
		0F2A9AC326ADFA0100A666F0 /* UserInfoViewController.swift */ = {isa = PBXFileReference; lastKnownFileType = sourcecode.swift; path = UserInfoViewController.swift; sourceTree = "<group>"; };
		0F2A9ACB26B08C3700A666F0 /* GFUserInfoViewController.swift */ = {isa = PBXFileReference; lastKnownFileType = sourcecode.swift; path = GFUserInfoViewController.swift; sourceTree = "<group>"; };
		0F2A9ACF26B0971000A666F0 /* GFSecondaryTitleLabel.swift */ = {isa = PBXFileReference; lastKnownFileType = sourcecode.swift; path = GFSecondaryTitleLabel.swift; sourceTree = "<group>"; };
		0F2A9AD326B6364C00A666F0 /* Constants.swift */ = {isa = PBXFileReference; lastKnownFileType = sourcecode.swift; path = Constants.swift; sourceTree = "<group>"; };
		0F2A9AD626B9E5C400A666F0 /* GFItemInfoView.swift */ = {isa = PBXFileReference; lastKnownFileType = sourcecode.swift; path = GFItemInfoView.swift; sourceTree = "<group>"; };
		0F7383442699267900CA6D9E /* GithubFollowers.app */ = {isa = PBXFileReference; explicitFileType = wrapper.application; includeInIndex = 0; path = GithubFollowers.app; sourceTree = BUILT_PRODUCTS_DIR; };
		0F7383472699267900CA6D9E /* AppDelegate.swift */ = {isa = PBXFileReference; lastKnownFileType = sourcecode.swift; path = AppDelegate.swift; sourceTree = "<group>"; };
		0F7383492699267900CA6D9E /* SceneDelegate.swift */ = {isa = PBXFileReference; lastKnownFileType = sourcecode.swift; path = SceneDelegate.swift; sourceTree = "<group>"; };
		0F7383502699267B00CA6D9E /* Assets.xcassets */ = {isa = PBXFileReference; lastKnownFileType = folder.assetcatalog; path = Assets.xcassets; sourceTree = "<group>"; };
		0F7383532699267B00CA6D9E /* Base */ = {isa = PBXFileReference; lastKnownFileType = file.storyboard; name = Base; path = Base.lproj/LaunchScreen.storyboard; sourceTree = "<group>"; };
		0F7383552699267B00CA6D9E /* Info.plist */ = {isa = PBXFileReference; lastKnownFileType = text.plist.xml; path = Info.plist; sourceTree = "<group>"; };
		0F738360269A30FE00CA6D9E /* SearchViewController.swift */ = {isa = PBXFileReference; lastKnownFileType = sourcecode.swift; path = SearchViewController.swift; sourceTree = "<group>"; };
		0F738363269A31E300CA6D9E /* FavoritesListViewController.swift */ = {isa = PBXFileReference; lastKnownFileType = sourcecode.swift; path = FavoritesListViewController.swift; sourceTree = "<group>"; };
		0F738366269A581300CA6D9E /* GFButton.swift */ = {isa = PBXFileReference; lastKnownFileType = sourcecode.swift; path = GFButton.swift; sourceTree = "<group>"; };
		0F738369269A5F5C00CA6D9E /* GFTextField.swift */ = {isa = PBXFileReference; lastKnownFileType = sourcecode.swift; path = GFTextField.swift; sourceTree = "<group>"; };
		0F73836D269BB38C00CA6D9E /* FollowerListViewController.swift */ = {isa = PBXFileReference; lastKnownFileType = sourcecode.swift; path = FollowerListViewController.swift; sourceTree = "<group>"; };
		0F738371269CB79200CA6D9E /* GFTitleLabel.swift */ = {isa = PBXFileReference; lastKnownFileType = sourcecode.swift; path = GFTitleLabel.swift; sourceTree = "<group>"; };
		0F738374269CBE7100CA6D9E /* GFBodyLabel.swift */ = {isa = PBXFileReference; lastKnownFileType = sourcecode.swift; path = GFBodyLabel.swift; sourceTree = "<group>"; };
		0F738377269CBFB800CA6D9E /* GFAlertViewController.swift */ = {isa = PBXFileReference; lastKnownFileType = sourcecode.swift; path = GFAlertViewController.swift; sourceTree = "<group>"; };
		0F73837A269D27C200CA6D9E /* UIViewController+Ext.swift */ = {isa = PBXFileReference; lastKnownFileType = sourcecode.swift; path = "UIViewController+Ext.swift"; sourceTree = "<group>"; };
		0F738389269E1E3F00CA6D9E /* Follower.swift */ = {isa = PBXFileReference; lastKnownFileType = sourcecode.swift; path = Follower.swift; sourceTree = "<group>"; };
		0F73838D269E1F2A00CA6D9E /* User.swift */ = {isa = PBXFileReference; lastKnownFileType = sourcecode.swift; path = User.swift; sourceTree = "<group>"; };
		0F738392269F6C5E00CA6D9E /* NetworkManager.swift */ = {isa = PBXFileReference; lastKnownFileType = sourcecode.swift; path = NetworkManager.swift; sourceTree = "<group>"; };
/* End PBXFileReference section */

/* Begin PBXFrameworksBuildPhase section */
		0F7383412699267900CA6D9E /* Frameworks */ = {
			isa = PBXFrameworksBuildPhase;
			buildActionMask = 2147483647;
			files = (
			);
			runOnlyForDeploymentPostprocessing = 0;
		};
/* End PBXFrameworksBuildPhase section */

/* Begin PBXGroup section */
		0F2A9AB026A0F23600A666F0 /* Utilities */ = {
			isa = PBXGroup;
			children = (
				0F2A9AB126A0F27200A666F0 /* ErrorMessage.swift */,
				0F2A9ABB26A8ACA900A666F0 /* UIHelper.swift */,
				0F2A9AD326B6364C00A666F0 /* Constants.swift */,
			);
			path = Utilities;
			sourceTree = "<group>";
		};
		0F2A9AB426A48AA400A666F0 /* Cells */ = {
			isa = PBXGroup;
			children = (
				0F2A9AB526A48AC800A666F0 /* FollowerCell.swift */,
			);
			path = Cells;
			sourceTree = "<group>";
		};
		0F2A9ABE26ACCEEC00A666F0 /* Views */ = {
			isa = PBXGroup;
			children = (
				0F2A9ABF26ACCF2400A666F0 /* GFEmptyStateView.swift */,
				0F2A9AD626B9E5C400A666F0 /* GFItemInfoView.swift */,
			);
			path = Views;
			sourceTree = "<group>";
		};
		0F2A9AC626B08B6800A666F0 /* Buttons */ = {
			isa = PBXGroup;
			children = (
				0F738366269A581300CA6D9E /* GFButton.swift */,
			);
			path = Buttons;
			sourceTree = "<group>";
		};
		0F2A9AC726B08B7600A666F0 /* TextFields */ = {
			isa = PBXGroup;
			children = (
				0F738369269A5F5C00CA6D9E /* GFTextField.swift */,
			);
			path = TextFields;
			sourceTree = "<group>";
		};
		0F2A9AC826B08B8A00A666F0 /* ImageViews */ = {
			isa = PBXGroup;
			children = (
				0F2A9AB826A48C3900A666F0 /* GFAvatarImageView.swift */,
			);
			path = ImageViews;
			sourceTree = "<group>";
		};
		0F2A9AC926B08B9D00A666F0 /* ViewControllers */ = {
			isa = PBXGroup;
			children = (
				0F738377269CBFB800CA6D9E /* GFAlertViewController.swift */,
				0F2A9ACB26B08C3700A666F0 /* GFUserInfoViewController.swift */,
			);
			path = ViewControllers;
			sourceTree = "<group>";
		};
		0F2A9ACA26B08BC300A666F0 /* Labels */ = {
			isa = PBXGroup;
			children = (
				0F738371269CB79200CA6D9E /* GFTitleLabel.swift */,
				0F2A9ACF26B0971000A666F0 /* GFSecondaryTitleLabel.swift */,
				0F738374269CBE7100CA6D9E /* GFBodyLabel.swift */,
			);
			path = Labels;
			sourceTree = "<group>";
		};
		0F73833B2699267900CA6D9E = {
			isa = PBXGroup;
			children = (
				0F7383462699267900CA6D9E /* GithubFollowers */,
				0F7383502699267B00CA6D9E /* Assets.xcassets */,
				0F7383452699267900CA6D9E /* Products */,
			);
			sourceTree = "<group>";
		};
		0F7383452699267900CA6D9E /* Products */ = {
			isa = PBXGroup;
			children = (
				0F7383442699267900CA6D9E /* GithubFollowers.app */,
			);
			name = Products;
			sourceTree = "<group>";
		};
		0F7383462699267900CA6D9E /* GithubFollowers */ = {
			isa = PBXGroup;
			children = (
				0F7383472699267900CA6D9E /* AppDelegate.swift */,
				0F7383492699267900CA6D9E /* SceneDelegate.swift */,
				0F2A9AB026A0F23600A666F0 /* Utilities */,
				0F738391269F6C4400CA6D9E /* Managers */,
				0F73837F269E148900CA6D9E /* Extentions */,
				0F738388269E1E2800CA6D9E /* Model */,
				0F73837E269E145000CA6D9E /* Custom Views */,
				0F73837D269E141B00CA6D9E /* Screens */,
				0F7383522699267B00CA6D9E /* LaunchScreen.storyboard */,
				0F7383552699267B00CA6D9E /* Info.plist */,
			);
			path = GithubFollowers;
			sourceTree = "<group>";
		};
		0F73837D269E141B00CA6D9E /* Screens */ = {
			isa = PBXGroup;
			children = (
				0F738360269A30FE00CA6D9E /* SearchViewController.swift */,
				0F73836D269BB38C00CA6D9E /* FollowerListViewController.swift */,
				0F738363269A31E300CA6D9E /* FavoritesListViewController.swift */,
				0F2A9AC326ADFA0100A666F0 /* UserInfoViewController.swift */,
			);
			path = Screens;
			sourceTree = "<group>";
		};
		0F73837E269E145000CA6D9E /* Custom Views */ = {
			isa = PBXGroup;
			children = (
				0F2A9ACA26B08BC300A666F0 /* Labels */,
				0F2A9AC926B08B9D00A666F0 /* ViewControllers */,
				0F2A9AC826B08B8A00A666F0 /* ImageViews */,
				0F2A9AC726B08B7600A666F0 /* TextFields */,
				0F2A9AC626B08B6800A666F0 /* Buttons */,
				0F2A9ABE26ACCEEC00A666F0 /* Views */,
				0F2A9AB426A48AA400A666F0 /* Cells */,
			);
			path = "Custom Views";
			sourceTree = "<group>";
		};
		0F73837F269E148900CA6D9E /* Extentions */ = {
			isa = PBXGroup;
			children = (
				0F73837A269D27C200CA6D9E /* UIViewController+Ext.swift */,
			);
			path = Extentions;
			sourceTree = "<group>";
		};
		0F738388269E1E2800CA6D9E /* Model */ = {
			isa = PBXGroup;
			children = (
				0F738389269E1E3F00CA6D9E /* Follower.swift */,
				0F73838D269E1F2A00CA6D9E /* User.swift */,
			);
			path = Model;
			sourceTree = "<group>";
		};
		0F738391269F6C4400CA6D9E /* Managers */ = {
			isa = PBXGroup;
			children = (
				0F738392269F6C5E00CA6D9E /* NetworkManager.swift */,
			);
			path = Managers;
			sourceTree = "<group>";
		};
/* End PBXGroup section */

/* Begin PBXNativeTarget section */
		0F7383432699267900CA6D9E /* GithubFollowers */ = {
			isa = PBXNativeTarget;
			buildConfigurationList = 0F7383582699267B00CA6D9E /* Build configuration list for PBXNativeTarget "GithubFollowers" */;
			buildPhases = (
				0F7383402699267900CA6D9E /* Sources */,
				0F7383412699267900CA6D9E /* Frameworks */,
				0F7383422699267900CA6D9E /* Resources */,
			);
			buildRules = (
			);
			dependencies = (
			);
			name = GithubFollowers;
			productName = GithubFollowers;
			productReference = 0F7383442699267900CA6D9E /* GithubFollowers.app */;
			productType = "com.apple.product-type.application";
		};
/* End PBXNativeTarget section */

/* Begin PBXProject section */
		0F73833C2699267900CA6D9E /* Project object */ = {
			isa = PBXProject;
			attributes = {
				LastSwiftUpdateCheck = 1240;
				LastUpgradeCheck = 1240;
				TargetAttributes = {
					0F7383432699267900CA6D9E = {
						CreatedOnToolsVersion = 12.4;
					};
				};
			};
			buildConfigurationList = 0F73833F2699267900CA6D9E /* Build configuration list for PBXProject "GithubFollowers" */;
			compatibilityVersion = "Xcode 9.3";
			developmentRegion = en;
			hasScannedForEncodings = 0;
			knownRegions = (
				en,
				Base,
			);
			mainGroup = 0F73833B2699267900CA6D9E;
			productRefGroup = 0F7383452699267900CA6D9E /* Products */;
			projectDirPath = "";
			projectRoot = "";
			targets = (
				0F7383432699267900CA6D9E /* GithubFollowers */,
			);
		};
/* End PBXProject section */

/* Begin PBXResourcesBuildPhase section */
		0F7383422699267900CA6D9E /* Resources */ = {
			isa = PBXResourcesBuildPhase;
			buildActionMask = 2147483647;
			files = (
				0F7383542699267B00CA6D9E /* LaunchScreen.storyboard in Resources */,
				0F7383512699267B00CA6D9E /* Assets.xcassets in Resources */,
			);
			runOnlyForDeploymentPostprocessing = 0;
		};
/* End PBXResourcesBuildPhase section */

/* Begin PBXSourcesBuildPhase section */
		0F7383402699267900CA6D9E /* Sources */ = {
			isa = PBXSourcesBuildPhase;
			buildActionMask = 2147483647;
			files = (
				0F73838E269E1F2A00CA6D9E /* User.swift in Sources */,
				0F738378269CBFB800CA6D9E /* GFAlertViewController.swift in Sources */,
				0F73836A269A5F5C00CA6D9E /* GFTextField.swift in Sources */,
				0F738361269A30FE00CA6D9E /* SearchViewController.swift in Sources */,
				0F73837B269D27C200CA6D9E /* UIViewController+Ext.swift in Sources */,
				0F2A9ABC26A8ACA900A666F0 /* UIHelper.swift in Sources */,
				0F2A9AD426B6364C00A666F0 /* Constants.swift in Sources */,
				0F2A9AB926A48C3900A666F0 /* GFAvatarImageView.swift in Sources */,
				0F738367269A581300CA6D9E /* GFButton.swift in Sources */,
				0F73836E269BB38C00CA6D9E /* FollowerListViewController.swift in Sources */,
				0F2A9AD726B9E5C400A666F0 /* GFItemInfoView.swift in Sources */,
				0F2A9AB626A48AC800A666F0 /* FollowerCell.swift in Sources */,
				0F2A9ACC26B08C3700A666F0 /* GFUserInfoViewController.swift in Sources */,
				0F2A9AB226A0F27200A666F0 /* ErrorMessage.swift in Sources */,
				0F738375269CBE7100CA6D9E /* GFBodyLabel.swift in Sources */,
				0F73838A269E1E3F00CA6D9E /* Follower.swift in Sources */,
				0F738372269CB79200CA6D9E /* GFTitleLabel.swift in Sources */,
				0F2A9AD026B0971000A666F0 /* GFSecondaryTitleLabel.swift in Sources */,
				0F2A9AC026ACCF2400A666F0 /* GFEmptyStateView.swift in Sources */,
				0F738393269F6C5E00CA6D9E /* NetworkManager.swift in Sources */,
				0F7383482699267900CA6D9E /* AppDelegate.swift in Sources */,
				0F2A9AC426ADFA0100A666F0 /* UserInfoViewController.swift in Sources */,
				0F738364269A31E300CA6D9E /* FavoritesListViewController.swift in Sources */,
				0F73834A2699267900CA6D9E /* SceneDelegate.swift in Sources */,
			);
			runOnlyForDeploymentPostprocessing = 0;
		};
/* End PBXSourcesBuildPhase section */

/* Begin PBXVariantGroup section */
		0F7383522699267B00CA6D9E /* LaunchScreen.storyboard */ = {
			isa = PBXVariantGroup;
			children = (
				0F7383532699267B00CA6D9E /* Base */,
			);
			name = LaunchScreen.storyboard;
			sourceTree = "<group>";
		};
/* End PBXVariantGroup section */

/* Begin XCBuildConfiguration section */
		0F7383562699267B00CA6D9E /* Debug */ = {
			isa = XCBuildConfiguration;
			buildSettings = {
				ALWAYS_SEARCH_USER_PATHS = NO;
				CLANG_ANALYZER_NONNULL = YES;
				CLANG_ANALYZER_NUMBER_OBJECT_CONVERSION = YES_AGGRESSIVE;
				CLANG_CXX_LANGUAGE_STANDARD = "gnu++14";
				CLANG_CXX_LIBRARY = "libc++";
				CLANG_ENABLE_MODULES = YES;
				CLANG_ENABLE_OBJC_ARC = YES;
				CLANG_ENABLE_OBJC_WEAK = YES;
				CLANG_WARN_BLOCK_CAPTURE_AUTORELEASING = YES;
				CLANG_WARN_BOOL_CONVERSION = YES;
				CLANG_WARN_COMMA = YES;
				CLANG_WARN_CONSTANT_CONVERSION = YES;
				CLANG_WARN_DEPRECATED_OBJC_IMPLEMENTATIONS = YES;
				CLANG_WARN_DIRECT_OBJC_ISA_USAGE = YES_ERROR;
				CLANG_WARN_DOCUMENTATION_COMMENTS = YES;
				CLANG_WARN_EMPTY_BODY = YES;
				CLANG_WARN_ENUM_CONVERSION = YES;
				CLANG_WARN_INFINITE_RECURSION = YES;
				CLANG_WARN_INT_CONVERSION = YES;
				CLANG_WARN_NON_LITERAL_NULL_CONVERSION = YES;
				CLANG_WARN_OBJC_IMPLICIT_RETAIN_SELF = YES;
				CLANG_WARN_OBJC_LITERAL_CONVERSION = YES;
				CLANG_WARN_OBJC_ROOT_CLASS = YES_ERROR;
				CLANG_WARN_QUOTED_INCLUDE_IN_FRAMEWORK_HEADER = YES;
				CLANG_WARN_RANGE_LOOP_ANALYSIS = YES;
				CLANG_WARN_STRICT_PROTOTYPES = YES;
				CLANG_WARN_SUSPICIOUS_MOVE = YES;
				CLANG_WARN_UNGUARDED_AVAILABILITY = YES_AGGRESSIVE;
				CLANG_WARN_UNREACHABLE_CODE = YES;
				CLANG_WARN__DUPLICATE_METHOD_MATCH = YES;
				COPY_PHASE_STRIP = NO;
				DEBUG_INFORMATION_FORMAT = dwarf;
				ENABLE_STRICT_OBJC_MSGSEND = YES;
				ENABLE_TESTABILITY = YES;
				GCC_C_LANGUAGE_STANDARD = gnu11;
				GCC_DYNAMIC_NO_PIC = NO;
				GCC_NO_COMMON_BLOCKS = YES;
				GCC_OPTIMIZATION_LEVEL = 0;
				GCC_PREPROCESSOR_DEFINITIONS = (
					"DEBUG=1",
					"$(inherited)",
				);
				GCC_WARN_64_TO_32_BIT_CONVERSION = YES;
				GCC_WARN_ABOUT_RETURN_TYPE = YES_ERROR;
				GCC_WARN_UNDECLARED_SELECTOR = YES;
				GCC_WARN_UNINITIALIZED_AUTOS = YES_AGGRESSIVE;
				GCC_WARN_UNUSED_FUNCTION = YES;
				GCC_WARN_UNUSED_VARIABLE = YES;
				IPHONEOS_DEPLOYMENT_TARGET = 14.4;
				MTL_ENABLE_DEBUG_INFO = INCLUDE_SOURCE;
				MTL_FAST_MATH = YES;
				ONLY_ACTIVE_ARCH = YES;
				SDKROOT = iphoneos;
				SWIFT_ACTIVE_COMPILATION_CONDITIONS = DEBUG;
				SWIFT_OPTIMIZATION_LEVEL = "-Onone";
			};
			name = Debug;
		};
		0F7383572699267B00CA6D9E /* Release */ = {
			isa = XCBuildConfiguration;
			buildSettings = {
				ALWAYS_SEARCH_USER_PATHS = NO;
				CLANG_ANALYZER_NONNULL = YES;
				CLANG_ANALYZER_NUMBER_OBJECT_CONVERSION = YES_AGGRESSIVE;
				CLANG_CXX_LANGUAGE_STANDARD = "gnu++14";
				CLANG_CXX_LIBRARY = "libc++";
				CLANG_ENABLE_MODULES = YES;
				CLANG_ENABLE_OBJC_ARC = YES;
				CLANG_ENABLE_OBJC_WEAK = YES;
				CLANG_WARN_BLOCK_CAPTURE_AUTORELEASING = YES;
				CLANG_WARN_BOOL_CONVERSION = YES;
				CLANG_WARN_COMMA = YES;
				CLANG_WARN_CONSTANT_CONVERSION = YES;
				CLANG_WARN_DEPRECATED_OBJC_IMPLEMENTATIONS = YES;
				CLANG_WARN_DIRECT_OBJC_ISA_USAGE = YES_ERROR;
				CLANG_WARN_DOCUMENTATION_COMMENTS = YES;
				CLANG_WARN_EMPTY_BODY = YES;
				CLANG_WARN_ENUM_CONVERSION = YES;
				CLANG_WARN_INFINITE_RECURSION = YES;
				CLANG_WARN_INT_CONVERSION = YES;
				CLANG_WARN_NON_LITERAL_NULL_CONVERSION = YES;
				CLANG_WARN_OBJC_IMPLICIT_RETAIN_SELF = YES;
				CLANG_WARN_OBJC_LITERAL_CONVERSION = YES;
				CLANG_WARN_OBJC_ROOT_CLASS = YES_ERROR;
				CLANG_WARN_QUOTED_INCLUDE_IN_FRAMEWORK_HEADER = YES;
				CLANG_WARN_RANGE_LOOP_ANALYSIS = YES;
				CLANG_WARN_STRICT_PROTOTYPES = YES;
				CLANG_WARN_SUSPICIOUS_MOVE = YES;
				CLANG_WARN_UNGUARDED_AVAILABILITY = YES_AGGRESSIVE;
				CLANG_WARN_UNREACHABLE_CODE = YES;
				CLANG_WARN__DUPLICATE_METHOD_MATCH = YES;
				COPY_PHASE_STRIP = NO;
				DEBUG_INFORMATION_FORMAT = "dwarf-with-dsym";
				ENABLE_NS_ASSERTIONS = NO;
				ENABLE_STRICT_OBJC_MSGSEND = YES;
				GCC_C_LANGUAGE_STANDARD = gnu11;
				GCC_NO_COMMON_BLOCKS = YES;
				GCC_WARN_64_TO_32_BIT_CONVERSION = YES;
				GCC_WARN_ABOUT_RETURN_TYPE = YES_ERROR;
				GCC_WARN_UNDECLARED_SELECTOR = YES;
				GCC_WARN_UNINITIALIZED_AUTOS = YES_AGGRESSIVE;
				GCC_WARN_UNUSED_FUNCTION = YES;
				GCC_WARN_UNUSED_VARIABLE = YES;
				IPHONEOS_DEPLOYMENT_TARGET = 14.4;
				MTL_ENABLE_DEBUG_INFO = NO;
				MTL_FAST_MATH = YES;
				SDKROOT = iphoneos;
				SWIFT_COMPILATION_MODE = wholemodule;
				SWIFT_OPTIMIZATION_LEVEL = "-O";
				VALIDATE_PRODUCT = YES;
			};
			name = Release;
		};
		0F7383592699267B00CA6D9E /* Debug */ = {
			isa = XCBuildConfiguration;
			buildSettings = {
				ASSETCATALOG_COMPILER_APPICON_NAME = AppIcon;
				ASSETCATALOG_COMPILER_GLOBAL_ACCENT_COLOR_NAME = AccentColor;
				CODE_SIGN_STYLE = Automatic;
				INFOPLIST_FILE = GithubFollowers/Info.plist;
				LD_RUNPATH_SEARCH_PATHS = (
					"$(inherited)",
					"@executable_path/Frameworks",
				);
				PRODUCT_BUNDLE_IDENTIFIER = com.aDayur.GithubFollowers;
				PRODUCT_NAME = "$(TARGET_NAME)";
				SWIFT_VERSION = 5.0;
				TARGETED_DEVICE_FAMILY = 1;
			};
			name = Debug;
		};
		0F73835A2699267B00CA6D9E /* Release */ = {
			isa = XCBuildConfiguration;
			buildSettings = {
				ASSETCATALOG_COMPILER_APPICON_NAME = AppIcon;
				ASSETCATALOG_COMPILER_GLOBAL_ACCENT_COLOR_NAME = AccentColor;
				CODE_SIGN_STYLE = Automatic;
				INFOPLIST_FILE = GithubFollowers/Info.plist;
				LD_RUNPATH_SEARCH_PATHS = (
					"$(inherited)",
					"@executable_path/Frameworks",
				);
				PRODUCT_BUNDLE_IDENTIFIER = com.aDayur.GithubFollowers;
				PRODUCT_NAME = "$(TARGET_NAME)";
				SWIFT_VERSION = 5.0;
				TARGETED_DEVICE_FAMILY = 1;
			};
			name = Release;
		};
/* End XCBuildConfiguration section */

/* Begin XCConfigurationList section */
		0F73833F2699267900CA6D9E /* Build configuration list for PBXProject "GithubFollowers" */ = {
			isa = XCConfigurationList;
			buildConfigurations = (
				0F7383562699267B00CA6D9E /* Debug */,
				0F7383572699267B00CA6D9E /* Release */,
			);
			defaultConfigurationIsVisible = 0;
			defaultConfigurationName = Release;
		};
		0F7383582699267B00CA6D9E /* Build configuration list for PBXNativeTarget "GithubFollowers" */ = {
			isa = XCConfigurationList;
			buildConfigurations = (
				0F7383592699267B00CA6D9E /* Debug */,
				0F73835A2699267B00CA6D9E /* Release */,
			);
			defaultConfigurationIsVisible = 0;
			defaultConfigurationName = Release;
		};
/* End XCConfigurationList section */
	};
	rootObject = 0F73833C2699267900CA6D9E /* Project object */;
}
